{
  "pins" : [
    {
      "identity" : "knock-swift",
      "kind" : "remoteSourceControl",
      "location" : "git@github.com:knocklabs/knock-swift.git",
      "state" : {
        "revision" : "264d410ab1ca9ad71c21389feedf515858578028",
        "version" : "0.1.0"
      }
    }
  ],
  "version" : 2
}
