{
  "pins" : [
    {
      "identity" : "knock-swift",
      "kind" : "remoteSourceControl",
      "location" : "https://github.com/knocklabs/knock-swift",
      "state" : {
        "revision" : "875cdbb53d26fc99fa1fe3adb6f1ec7fa2a47d9c",
        "version" : "1.2.2"
      }
    },
    {
      "identity" : "swiftphoenixclient",
      "kind" : "remoteSourceControl",
      "location" : "https://github.com/davidstump/SwiftPhoenixClient.git",
      "state" : {
        "revision" : "588bf6baab5d049752748e19a4bff32421ea40ec",
        "version" : "5.3.2"
      }
    }
  ],
  "version" : 2
}
